
Microsoft Visual Studio Solution File, Format Version 12.00
# Visual Studio Version 16
VisualStudioVersion = 16.0.29806.167
MinimumVisualStudioVersion = 10.0.40219.1
Project("{8BC9CEB8-8B4A-11D0-8D11-00A0C91BC942}") = "ConsoleApplication1", "ConsoleApplication1\ConsoleApplication1.vcxproj", "{74E2972B-35A7-4E85-8D9E-2B490438D2C6}"
EndProject
Global
	GlobalSection(SolutionConfigurationPlatforms) = preSolution
		Debug|x64 = Debug|x64
		Debug|x86 = Debug|x86
		Release|x64 = Release|x64
		Release|x86 = Release|x86
	EndGlobalSection
	GlobalSection(ProjectConfigurationPlatforms) = postSolution
		{74E2972B-35A7-4E85-8D9E-2B490438D2C6}.Debug|x64.ActiveCfg = Debug|x64
		{74E2972B-35A7-4E85-8D9E-2B490438D2C6}.Debug|x64.Build.0 = Debug|x64
		{74E2972B-35A7-4E85-8D9E-2B490438D2C6}.Debug|x86.ActiveCfg = Debug|Win32
		{74E2972B-35A7-4E85-8D9E-2B490438D2C6}.Debug|x86.Build.0 = Debug|Win32
		{74E2972B-35A7-4E85-8D9E-2B490438D2C6}.Release|x64.ActiveCfg = Release|x64
		{74E2972B-35A7-4E85-8D9E-2B490438D2C6}.Release|x64.Build.0 = Release|x64
		{74E2972B-35A7-4E85-8D9E-2B490438D2C6}.Release|x86.ActiveCfg = Release|Win32
		{74E2972B-35A7-4E85-8D9E-2B490438D2C6}.Release|x86.Build.0 = Release|Win32
	EndGlobalSection
	GlobalSection(SolutionProperties) = preSolution
		HideSolutionNode = FALSE
	EndGlobalSection
	GlobalSection(ExtensibilityGlobals) = postSolution
		SolutionGuid = {8E27D9C7-784F-47BE-B467-8DD954853F9E}
	EndGlobalSection
EndGlobal
